<?xml version="1.0" encoding="utf-8"?>
<Project ToolsVersion="4.0" xmlns="http://schemas.microsoft.com/developer/msbuild/2003">
  <ItemGroup>
    <Filter Include="ソース ファイル">
      <UniqueIdentifier>{4FC737F1-C7A5-4376-A066-2A32D752A2FF}</UniqueIdentifier>
      <Extensions>cpp;c;cc;cxx;def;odl;idl;hpj;bat;asm;asmx</Extensions>
    </Filter>
    <Filter Include="ヘッダー ファイル">
      <UniqueIdentifier>{93995380-89BD-4b04-88EB-625FBE52EBFB}</UniqueIdentifier>
      <Extensions>h;hh;hpp;hxx;hm;inl;inc;xsd</Extensions>
    </Filter>
    <Filter Include="リソース ファイル">
      <UniqueIdentifier>{67DA6AB6-F800-4c08-8B7A-83BB121AAD01}</UniqueIdentifier>
      <Extensions>rc;ico;cur;bmp;dlg;rc2;rct;bin;rgs;gif;jpg;jpeg;jpe;resx;tiff;tif;png;wav;mfcribbon-ms</Extensions>
    </Filter>
    <Filter Include="Object">
      <UniqueIdentifier>{bd1fa0e4-d956-404d-8c64-335de5213ba5}</UniqueIdentifier>
    </Filter>
    <Filter Include="System">
      <UniqueIdentifier>{06439156-2c73-487b-b206-db8ca83f5135}</UniqueIdentifier>
    </Filter>
    <Filter Include="System\Mode">
      <UniqueIdentifier>{cb588f4f-301d-427b-88ba-c096d671abee}</UniqueIdentifier>
    </Filter>
    <Filter Include="System\Input">
      <UniqueIdentifier>{12a020b1-0735-47b6-a044-022681177522}</UniqueIdentifier>
    </Filter>
    <Filter Include="Object\Effect">
      <UniqueIdentifier>{c4da1187-61b6-4284-8569-1e9e06eeff3c}</UniqueIdentifier>
    </Filter>
    <Filter Include="Object\Model">
      <UniqueIdentifier>{15b24148-ffe1-4f1f-93f0-eb6850430def}</UniqueIdentifier>
    </Filter>
    <Filter Include="Object\Object2D">
      <UniqueIdentifier>{0fa63155-46e1-4836-9d2c-53f63dbfc268}</UniqueIdentifier>
    </Filter>
    <Filter Include="Object\Object3D">
      <UniqueIdentifier>{b0a43dba-ccee-4dd2-a259-10bc25f241d6}</UniqueIdentifier>
    </Filter>
    <Filter Include="Object\Mesh">
      <UniqueIdentifier>{13bb9780-3ed0-4c82-8499-ec724a3aa5fc}</UniqueIdentifier>
    </Filter>
  </ItemGroup>
  <ItemGroup>
    <ClCompile Include="precompile.cpp" />
    <ClCompile Include="application.cpp">
      <Filter>System</Filter>
    </ClCompile>
    <ClCompile Include="main.cpp">
      <Filter>System</Filter>
    </ClCompile>
    <ClCompile Include="object.cpp">
      <Filter>Object</Filter>
    </ClCompile>
    <ClCompile Include="renderer.cpp">
      <Filter>System</Filter>
    </ClCompile>
    <ClCompile Include="sound.cpp">
      <Filter>System</Filter>
    </ClCompile>
    <ClCompile Include="texture.cpp">
      <Filter>System</Filter>
    </ClCompile>
    <ClCompile Include="utility.cpp">
      <Filter>System</Filter>
    </ClCompile>
    <ClCompile Include="mode.cpp">
      <Filter>System\Mode</Filter>
    </ClCompile>
    <ClCompile Include="fade.cpp">
      <Filter>System\Mode</Filter>
    </ClCompile>
    <ClCompile Include="title.cpp">
      <Filter>System\Mode</Filter>
    </ClCompile>
    <ClCompile Include="game.cpp">
      <Filter>System\Mode</Filter>
    </ClCompile>
    <ClCompile Include="camera.cpp">
      <Filter>System</Filter>
    </ClCompile>
    <ClCompile Include="directinput.cpp">
      <Filter>System\Input</Filter>
    </ClCompile>
    <ClCompile Include="input.cpp">
      <Filter>System\Input</Filter>
    </ClCompile>
    <ClCompile Include="inputcontroller.cpp">
      <Filter>System\Input</Filter>
    </ClCompile>
    <ClCompile Include="inputjoypad.cpp">
      <Filter>System\Input</Filter>
    </ClCompile>
    <ClCompile Include="inputkeyboard.cpp">
      <Filter>System\Input</Filter>
    </ClCompile>
    <ClCompile Include="effect.cpp">
      <Filter>Object\Effect</Filter>
    </ClCompile>
    <ClCompile Include="instancing.cpp">
      <Filter>Object\Effect</Filter>
    </ClCompile>
    <ClCompile Include="menu.cpp">
      <Filter>Object</Filter>
    </ClCompile>
    <ClCompile Include="result.cpp">
      <Filter>System\Mode</Filter>
    </ClCompile>
    <ClCompile Include="file_x.cpp">
      <Filter>Object\Model</Filter>
    </ClCompile>
    <ClCompile Include="file_x_manager.cpp">
      <Filter>Object\Model</Filter>
    </ClCompile>
    <ClCompile Include="model.cpp">
      <Filter>Object\Model</Filter>
    </ClCompile>
    <ClCompile Include="obstacle.cpp">
      <Filter>Object</Filter>
    </ClCompile>
    <ClCompile Include="light.cpp">
      <Filter>ソース ファイル</Filter>
    </ClCompile>
    <ClCompile Include="object2D.cpp">
      <Filter>Object\Object2D</Filter>
    </ClCompile>
    <ClCompile Include="object3D.cpp">
      <Filter>Object\Object3D</Filter>
    </ClCompile>
    <ClCompile Include="mesh_field.cpp">
      <Filter>Object\Mesh</Filter>
    </ClCompile>
    <ClCompile Include="message.cpp">
      <Filter>Object\Object2D</Filter>
    </ClCompile>
    <ClCompile Include="obstacle_manager.cpp">
      <Filter>Object</Filter>
    </ClCompile>
    <ClCompile Include="player.cpp">
      <Filter>Object</Filter>
    </ClCompile>
    <ClCompile Include="shield.cpp">
      <Filter>Object\Model</Filter>
    </ClCompile>
    <ClCompile Include="Score.cpp">
      <Filter>Object</Filter>
    </ClCompile>
    <ClCompile Include="number.cpp">
      <Filter>Object</Filter>
    </ClCompile>
    <ClCompile Include="domino.cpp">
      <Filter>Object</Filter>
    </ClCompile>
    <ClCompile Include="ranking_ui.cpp">
      <Filter>Object</Filter>
    </ClCompile>
    <ClCompile Include="ranking.cpp">
      <Filter>System\Mode</Filter>
    </ClCompile>
  </ItemGroup>
  <ItemGroup>
    <ClInclude Include="precompile.h" />
    <ClInclude Include="application.h">
      <Filter>System</Filter>
    </ClInclude>
    <ClInclude Include="main.h">
      <Filter>System</Filter>
    </ClInclude>
    <ClInclude Include="object.h">
      <Filter>Object</Filter>
    </ClInclude>
    <ClInclude Include="renderer.h">
      <Filter>System</Filter>
    </ClInclude>
    <ClInclude Include="sound.h">
      <Filter>System</Filter>
    </ClInclude>
    <ClInclude Include="texture.h">
      <Filter>System</Filter>
    </ClInclude>
    <ClInclude Include="utility.h">
      <Filter>System</Filter>
    </ClInclude>
    <ClInclude Include="mode.h">
      <Filter>System\Mode</Filter>
    </ClInclude>
    <ClInclude Include="fade.h">
      <Filter>System\Mode</Filter>
    </ClInclude>
    <ClInclude Include="title.h">
      <Filter>System\Mode</Filter>
    </ClInclude>
    <ClInclude Include="game.h">
      <Filter>System\Mode</Filter>
    </ClInclude>
    <ClInclude Include="camera.h">
      <Filter>System</Filter>
    </ClInclude>
    <ClInclude Include="directinput.h">
      <Filter>System\Input</Filter>
    </ClInclude>
    <ClInclude Include="input.h">
      <Filter>System\Input</Filter>
    </ClInclude>
    <ClInclude Include="inputcontroller.h">
      <Filter>System\Input</Filter>
    </ClInclude>
    <ClInclude Include="inputjoypad.h">
      <Filter>System\Input</Filter>
    </ClInclude>
    <ClInclude Include="inputkeyboard.h">
      <Filter>System\Input</Filter>
    </ClInclude>
    <ClInclude Include="inputkeydata.h">
      <Filter>System\Input</Filter>
    </ClInclude>
    <ClInclude Include="effect.h">
      <Filter>Object\Effect</Filter>
    </ClInclude>
    <ClInclude Include="instancing.h">
      <Filter>Object\Effect</Filter>
    </ClInclude>
    <ClInclude Include="menu.h">
      <Filter>Object</Filter>
    </ClInclude>
    <ClInclude Include="result.h">
      <Filter>System\Mode</Filter>
    </ClInclude>
    <ClInclude Include="file_x.h">
      <Filter>Object\Model</Filter>
    </ClInclude>
    <ClInclude Include="file_x_manager.h">
      <Filter>Object\Model</Filter>
    </ClInclude>
    <ClInclude Include="model.h">
      <Filter>Object\Model</Filter>
    </ClInclude>
    <ClInclude Include="obstacle.h">
      <Filter>Object</Filter>
    </ClInclude>
    <ClInclude Include="light.h">
      <Filter>ヘッダー ファイル</Filter>
    </ClInclude>
    <ClInclude Include="object2D.h">
      <Filter>Object\Object2D</Filter>
    </ClInclude>
    <ClInclude Include="object3D.h">
      <Filter>Object\Object3D</Filter>
    </ClInclude>
    <ClInclude Include="mesh_field.h">
      <Filter>Object\Mesh</Filter>
    </ClInclude>
    <ClInclude Include="message.h">
      <Filter>Object\Object2D</Filter>
    </ClInclude>
    <ClInclude Include="light.h">
      <Filter>System</Filter>
    </ClInclude>
    <ClInclude Include="mesh_field.h">
      <Filter>Object</Filter>
    </ClInclude>
    <ClInclude Include="obstacle_manager.h">
      <Filter>Object</Filter>
    </ClInclude>
    <ClInclude Include="player.h">
      <Filter>Object</Filter>
    </ClInclude>
    <ClInclude Include="shield.h">
      <Filter>Object\Model</Filter>
    </ClInclude>
    <ClInclude Include="light.h">
      <Filter>ヘッダー ファイル</Filter>
    </ClInclude>
    <ClInclude Include="mesh_field.h">
      <Filter>ヘッダー ファイル</Filter>
    </ClInclude>
    <ClInclude Include="Score.h">
      <Filter>Object</Filter>
    </ClInclude>
    <ClInclude Include="number.h">
      <Filter>Object</Filter>
    </ClInclude>
    <ClInclude Include="domino.h">
      <Filter>Object</Filter>
    </ClInclude>
    <ClInclude Include="ranking_ui.h">
      <Filter>Object</Filter>
    </ClInclude>
    <ClInclude Include="ranking.h">
      <Filter>System\Mode</Filter>
    </ClInclude>
  </ItemGroup>
</Project>